// !$*UTF8*$!
{
	archiveVersion = 1;
	classes = {
	};
	objectVersion = 50;
	objects = {

/* Begin PBXBuildFile section */
		556AE2DD25D3F18A0069167F /* SwiftUI_PresenterApp.swift in Sources */ = {isa = PBXBuildFile; fileRef = 556AE2DC25D3F18A0069167F /* SwiftUI_PresenterApp.swift */; };
		556AE2DF25D3F18A0069167F /* ContentView.swift in Sources */ = {isa = PBXBuildFile; fileRef = 556AE2DE25D3F18A0069167F /* ContentView.swift */; };
		556AE2E125D3F18C0069167F /* Assets.xcassets in Resources */ = {isa = PBXBuildFile; fileRef = 556AE2E025D3F18C0069167F /* Assets.xcassets */; };
		556AE2E425D3F18C0069167F /* Preview Assets.xcassets in Resources */ = {isa = PBXBuildFile; fileRef = 556AE2E325D3F18C0069167F /* Preview Assets.xcassets */; };
		556AE2EE25D3F1BF0069167F /* ListItemView.swift in Sources */ = {isa = PBXBuildFile; fileRef = 556AE2ED25D3F1BF0069167F /* ListItemView.swift */; };
/* End PBXBuildFile section */

/* Begin PBXFileReference section */
		556AE2D925D3F18A0069167F /* SwiftUI Presenter.app */ = {isa = PBXFileReference; explicitFileType = wrapper.application; includeInIndex = 0; path = "SwiftUI Presenter.app"; sourceTree = BUILT_PRODUCTS_DIR; };
		556AE2DC25D3F18A0069167F /* SwiftUI_PresenterApp.swift */ = {isa = PBXFileReference; lastKnownFileType = sourcecode.swift; path = SwiftUI_PresenterApp.swift; sourceTree = "<group>"; };
		556AE2DE25D3F18A0069167F /* ContentView.swift */ = {isa = PBXFileReference; lastKnownFileType = sourcecode.swift; path = ContentView.swift; sourceTree = "<group>"; };
		556AE2E025D3F18C0069167F /* Assets.xcassets */ = {isa = PBXFileReference; lastKnownFileType = folder.assetcatalog; path = Assets.xcassets; sourceTree = "<group>"; };
		556AE2E325D3F18C0069167F /* Preview Assets.xcassets */ = {isa = PBXFileReference; lastKnownFileType = folder.assetcatalog; path = "Preview Assets.xcassets"; sourceTree = "<group>"; };
		556AE2E525D3F18C0069167F /* Info.plist */ = {isa = PBXFileReference; lastKnownFileType = text.plist.xml; path = Info.plist; sourceTree = "<group>"; };
		556AE2ED25D3F1BF0069167F /* ListItemView.swift */ = {isa = PBXFileReference; lastKnownFileType = sourcecode.swift; path = ListItemView.swift; sourceTree = "<group>"; };
/* End PBXFileReference section */

/* Begin PBXFrameworksBuildPhase section */
		556AE2D625D3F18A0069167F /* Frameworks */ = {
			isa = PBXFrameworksBuildPhase;
			buildActionMask = 2147483647;
			files = (
			);
			runOnlyForDeploymentPostprocessing = 0;
		};
/* End PBXFrameworksBuildPhase section */

/* Begin PBXGroup section */
		556AE2D025D3F18A0069167F = {
			isa = PBXGroup;
			children = (
				556AE2DB25D3F18A0069167F /* SwiftUI Presenter */,
				556AE2DA25D3F18A0069167F /* Products */,
			);
			sourceTree = "<group>";
		};
		556AE2DA25D3F18A0069167F /* Products */ = {
			isa = PBXGroup;
			children = (
				556AE2D925D3F18A0069167F /* SwiftUI Presenter.app */,
			);
			name = Products;
			sourceTree = "<group>";
		};
		556AE2DB25D3F18A0069167F /* SwiftUI Presenter */ = {
			isa = PBXGroup;
			children = (
				556AE2DC25D3F18A0069167F /* SwiftUI_PresenterApp.swift */,
				556AE2DE25D3F18A0069167F /* ContentView.swift */,
				556AE2ED25D3F1BF0069167F /* ListItemView.swift */,
				556AE2E025D3F18C0069167F /* Assets.xcassets */,
				556AE2E525D3F18C0069167F /* Info.plist */,
				556AE2E225D3F18C0069167F /* Preview Content */,
			);
			path = "SwiftUI Presenter";
			sourceTree = "<group>";
		};
		556AE2E225D3F18C0069167F /* Preview Content */ = {
			isa = PBXGroup;
			children = (
				556AE2E325D3F18C0069167F /* Preview Assets.xcassets */,
			);
			path = "Preview Content";
			sourceTree = "<group>";
		};
/* End PBXGroup section */

/* Begin PBXNativeTarget section */
		556AE2D825D3F18A0069167F /* SwiftUI Presenter */ = {
			isa = PBXNativeTarget;
			buildConfigurationList = 556AE2E825D3F18C0069167F /* Build configuration list for PBXNativeTarget "SwiftUI Presenter" */;
			buildPhases = (
				556AE2D525D3F18A0069167F /* Sources */,
				556AE2D625D3F18A0069167F /* Frameworks */,
				556AE2D725D3F18A0069167F /* Resources */,
			);
			buildRules = (
			);
			dependencies = (
			);
			name = "SwiftUI Presenter";
			productName = "SwiftUI Presenter";
			productReference = 556AE2D925D3F18A0069167F /* SwiftUI Presenter.app */;
			productType = "com.apple.product-type.application";
		};
/* End PBXNativeTarget section */

/* Begin PBXProject section */
		556AE2D125D3F18A0069167F /* Project object */ = {
			isa = PBXProject;
			attributes = {
				LastSwiftUpdateCheck = 1240;
				LastUpgradeCheck = 1240;
				TargetAttributes = {
					556AE2D825D3F18A0069167F = {
						CreatedOnToolsVersion = 12.4;
					};
				};
			};
			buildConfigurationList = 556AE2D425D3F18A0069167F /* Build configuration list for PBXProject "SwiftUI Presenter" */;
			compatibilityVersion = "Xcode 9.3";
			developmentRegion = en;
			hasScannedForEncodings = 0;
			knownRegions = (
				en,
				Base,
			);
			mainGroup = 556AE2D025D3F18A0069167F;
			productRefGroup = 556AE2DA25D3F18A0069167F /* Products */;
			projectDirPath = "";
			projectRoot = "";
			targets = (
				556AE2D825D3F18A0069167F /* SwiftUI Presenter */,
			);
		};
/* End PBXProject section */

/* Begin PBXResourcesBuildPhase section */
		556AE2D725D3F18A0069167F /* Resources */ = {
			isa = PBXResourcesBuildPhase;
			buildActionMask = 2147483647;
			files = (
				556AE2E425D3F18C0069167F /* Preview Assets.xcassets in Resources */,
				556AE2E125D3F18C0069167F /* Assets.xcassets in Resources */,
			);
			runOnlyForDeploymentPostprocessing = 0;
		};
/* End PBXResourcesBuildPhase section */

/* Begin PBXSourcesBuildPhase section */
		556AE2D525D3F18A0069167F /* Sources */ = {
			isa = PBXSourcesBuildPhase;
			buildActionMask = 2147483647;
			files = (
				556AE2EE25D3F1BF0069167F /* ListItemView.swift in Sources */,
				556AE2DF25D3F18A0069167F /* ContentView.swift in Sources */,
				556AE2DD25D3F18A0069167F /* SwiftUI_PresenterApp.swift in Sources */,
			);
			runOnlyForDeploymentPostprocessing = 0;
		};
/* End PBXSourcesBuildPhase section */

/* Begin XCBuildConfiguration section */
		556AE2E625D3F18C0069167F /* Debug */ = {
			isa = XCBuildConfiguration;
			buildSettings = {
				ALWAYS_SEARCH_USER_PATHS = NO;
				CLANG_ANALYZER_NONNULL = YES;
				CLANG_ANALYZER_NUMBER_OBJECT_CONVERSION = YES_AGGRESSIVE;
				CLANG_CXX_LANGUAGE_STANDARD = "gnu++14";
				CLANG_CXX_LIBRARY = "libc++";
				CLANG_ENABLE_MODULES = YES;
				CLANG_ENABLE_OBJC_ARC = YES;
				CLANG_ENABLE_OBJC_WEAK = YES;
				CLANG_WARN_BLOCK_CAPTURE_AUTORELEASING = YES;
				CLANG_WARN_BOOL_CONVERSION = YES;
				CLANG_WARN_COMMA = YES;
				CLANG_WARN_CONSTANT_CONVERSION = YES;
				CLANG_WARN_DEPRECATED_OBJC_IMPLEMENTATIONS = YES;
				CLANG_WARN_DIRECT_OBJC_ISA_USAGE = YES_ERROR;
				CLANG_WARN_DOCUMENTATION_COMMENTS = YES;
				CLANG_WARN_EMPTY_BODY = YES;
				CLANG_WARN_ENUM_CONVERSION = YES;
				CLANG_WARN_INFINITE_RECURSION = YES;
				CLANG_WARN_INT_CONVERSION = YES;
				CLANG_WARN_NON_LITERAL_NULL_CONVERSION = YES;
				CLANG_WARN_OBJC_IMPLICIT_RETAIN_SELF = YES;
				CLANG_WARN_OBJC_LITERAL_CONVERSION = YES;
				CLANG_WARN_OBJC_ROOT_CLASS = YES_ERROR;
				CLANG_WARN_QUOTED_INCLUDE_IN_FRAMEWORK_HEADER = YES;
				CLANG_WARN_RANGE_LOOP_ANALYSIS = YES;
				CLANG_WARN_STRICT_PROTOTYPES = YES;
				CLANG_WARN_SUSPICIOUS_MOVE = YES;
				CLANG_WARN_UNGUARDED_AVAILABILITY = YES_AGGRESSIVE;
				CLANG_WARN_UNREACHABLE_CODE = YES;
				CLANG_WARN__DUPLICATE_METHOD_MATCH = YES;
				COPY_PHASE_STRIP = NO;
				DEBUG_INFORMATION_FORMAT = dwarf;
				ENABLE_STRICT_OBJC_MSGSEND = YES;
				ENABLE_TESTABILITY = YES;
				GCC_C_LANGUAGE_STANDARD = gnu11;
				GCC_DYNAMIC_NO_PIC = NO;
				GCC_NO_COMMON_BLOCKS = YES;
				GCC_OPTIMIZATION_LEVEL = 0;
				GCC_PREPROCESSOR_DEFINITIONS = (
					"DEBUG=1",
					"$(inherited)",
				);
				GCC_WARN_64_TO_32_BIT_CONVERSION = YES;
				GCC_WARN_ABOUT_RETURN_TYPE = YES_ERROR;
				GCC_WARN_UNDECLARED_SELECTOR = YES;
				GCC_WARN_UNINITIALIZED_AUTOS = YES_AGGRESSIVE;
				GCC_WARN_UNUSED_FUNCTION = YES;
				GCC_WARN_UNUSED_VARIABLE = YES;
				IPHONEOS_DEPLOYMENT_TARGET = 14.4;
				MTL_ENABLE_DEBUG_INFO = INCLUDE_SOURCE;
				MTL_FAST_MATH = YES;
				ONLY_ACTIVE_ARCH = YES;
				SDKROOT = iphoneos;
				SWIFT_ACTIVE_COMPILATION_CONDITIONS = DEBUG;
				SWIFT_OPTIMIZATION_LEVEL = "-Onone";
			};
			name = Debug;
		};
		556AE2E725D3F18C0069167F /* Release */ = {
			isa = XCBuildConfiguration;
			buildSettings = {
				ALWAYS_SEARCH_USER_PATHS = NO;
				CLANG_ANALYZER_NONNULL = YES;
				CLANG_ANALYZER_NUMBER_OBJECT_CONVERSION = YES_AGGRESSIVE;
				CLANG_CXX_LANGUAGE_STANDARD = "gnu++14";
				CLANG_CXX_LIBRARY = "libc++";
				CLANG_ENABLE_MODULES = YES;
				CLANG_ENABLE_OBJC_ARC = YES;
				CLANG_ENABLE_OBJC_WEAK = YES;
				CLANG_WARN_BLOCK_CAPTURE_AUTORELEASING = YES;
				CLANG_WARN_BOOL_CONVERSION = YES;
				CLANG_WARN_COMMA = YES;
				CLANG_WARN_CONSTANT_CONVERSION = YES;
				CLANG_WARN_DEPRECATED_OBJC_IMPLEMENTATIONS = YES;
				CLANG_WARN_DIRECT_OBJC_ISA_USAGE = YES_ERROR;
				CLANG_WARN_DOCUMENTATION_COMMENTS = YES;
				CLANG_WARN_EMPTY_BODY = YES;
				CLANG_WARN_ENUM_CONVERSION = YES;
				CLANG_WARN_INFINITE_RECURSION = YES;
				CLANG_WARN_INT_CONVERSION = YES;
				CLANG_WARN_NON_LITERAL_NULL_CONVERSION = YES;
				CLANG_WARN_OBJC_IMPLICIT_RETAIN_SELF = YES;
				CLANG_WARN_OBJC_LITERAL_CONVERSION = YES;
				CLANG_WARN_OBJC_ROOT_CLASS = YES_ERROR;
				CLANG_WARN_QUOTED_INCLUDE_IN_FRAMEWORK_HEADER = YES;
				CLANG_WARN_RANGE_LOOP_ANALYSIS = YES;
				CLANG_WARN_STRICT_PROTOTYPES = YES;
				CLANG_WARN_SUSPICIOUS_MOVE = YES;
				CLANG_WARN_UNGUARDED_AVAILABILITY = YES_AGGRESSIVE;
				CLANG_WARN_UNREACHABLE_CODE = YES;
				CLANG_WARN__DUPLICATE_METHOD_MATCH = YES;
				COPY_PHASE_STRIP = NO;
				DEBUG_INFORMATION_FORMAT = "dwarf-with-dsym";
				ENABLE_NS_ASSERTIONS = NO;
				ENABLE_STRICT_OBJC_MSGSEND = YES;
				GCC_C_LANGUAGE_STANDARD = gnu11;
				GCC_NO_COMMON_BLOCKS = YES;
				GCC_WARN_64_TO_32_BIT_CONVERSION = YES;
				GCC_WARN_ABOUT_RETURN_TYPE = YES_ERROR;
				GCC_WARN_UNDECLARED_SELECTOR = YES;
				GCC_WARN_UNINITIALIZED_AUTOS = YES_AGGRESSIVE;
				GCC_WARN_UNUSED_FUNCTION = YES;
				GCC_WARN_UNUSED_VARIABLE = YES;
				IPHONEOS_DEPLOYMENT_TARGET = 14.4;
				MTL_ENABLE_DEBUG_INFO = NO;
				MTL_FAST_MATH = YES;
				SDKROOT = iphoneos;
				SWIFT_COMPILATION_MODE = wholemodule;
				SWIFT_OPTIMIZATION_LEVEL = "-O";
				VALIDATE_PRODUCT = YES;
			};
			name = Release;
		};
		556AE2E925D3F18C0069167F /* Debug */ = {
			isa = XCBuildConfiguration;
			buildSettings = {
				ASSETCATALOG_COMPILER_APPICON_NAME = AppIcon;
				ASSETCATALOG_COMPILER_GLOBAL_ACCENT_COLOR_NAME = AccentColor;
				CODE_SIGN_STYLE = Automatic;
				DEVELOPMENT_ASSET_PATHS = "\"SwiftUI Presenter/Preview Content\"";
				DEVELOPMENT_TEAM = S4TQ2V3A5V;
				ENABLE_PREVIEWS = YES;
				INFOPLIST_FILE = "SwiftUI Presenter/Info.plist";
				IPHONEOS_DEPLOYMENT_TARGET = 14.0;
				LD_RUNPATH_SEARCH_PATHS = (
					"$(inherited)",
					"@executable_path/Frameworks",
				);
				PRODUCT_BUNDLE_IDENTIFIER = "com.pyates.SwiftUI-Presenter";
				PRODUCT_NAME = "$(TARGET_NAME)";
				SWIFT_VERSION = 5.0;
				TARGETED_DEVICE_FAMILY = "1,2";
			};
			name = Debug;
		};
		556AE2EA25D3F18C0069167F /* Release */ = {
			isa = XCBuildConfiguration;
			buildSettings = {
				ASSETCATALOG_COMPILER_APPICON_NAME = AppIcon;
				ASSETCATALOG_COMPILER_GLOBAL_ACCENT_COLOR_NAME = AccentColor;
				CODE_SIGN_STYLE = Automatic;
				DEVELOPMENT_ASSET_PATHS = "\"SwiftUI Presenter/Preview Content\"";
				DEVELOPMENT_TEAM = S4TQ2V3A5V;
				ENABLE_PREVIEWS = YES;
				INFOPLIST_FILE = "SwiftUI Presenter/Info.plist";
				IPHONEOS_DEPLOYMENT_TARGET = 14.0;
				LD_RUNPATH_SEARCH_PATHS = (
					"$(inherited)",
					"@executable_path/Frameworks",
				);
				PRODUCT_BUNDLE_IDENTIFIER = "com.pyates.SwiftUI-Presenter";
				PRODUCT_NAME = "$(TARGET_NAME)";
				SWIFT_VERSION = 5.0;
				TARGETED_DEVICE_FAMILY = "1,2";
			};
			name = Release;
		};
/* End XCBuildConfiguration section */

/* Begin XCConfigurationList section */
		556AE2D425D3F18A0069167F /* Build configuration list for PBXProject "SwiftUI Presenter" */ = {
			isa = XCConfigurationList;
			buildConfigurations = (
				556AE2E625D3F18C0069167F /* Debug */,
				556AE2E725D3F18C0069167F /* Release */,
			);
			defaultConfigurationIsVisible = 0;
			defaultConfigurationName = Release;
		};
		556AE2E825D3F18C0069167F /* Build configuration list for PBXNativeTarget "SwiftUI Presenter" */ = {
			isa = XCConfigurationList;
			buildConfigurations = (
				556AE2E925D3F18C0069167F /* Debug */,
				556AE2EA25D3F18C0069167F /* Release */,
			);
			defaultConfigurationIsVisible = 0;
			defaultConfigurationName = Release;
		};
/* End XCConfigurationList section */
	};
	rootObject = 556AE2D125D3F18A0069167F /* Project object */;
}
